
Microsoft Visual Studio Solution File, Format Version 12.00
# Visual Studio 15
VisualStudioVersion = 15.0.26730.12
MinimumVisualStudioVersion = 10.0.40219.1
Project("{FAE04EC0-301F-11D3-BF4B-00C04F79EFBC}") = "GetThatPepsiMax", "GetThatPepsiMax\GetThatPepsiMax.csproj", "{B1E4C098-C2BC-4A26-BDCF-989830BCBD58}"
EndProject
Global
	GlobalSection(SolutionConfigurationPlatforms) = preSolution
		Debug|Any CPU = Debug|Any CPU
		Release|Any CPU = Release|Any CPU
	EndGlobalSection
	GlobalSection(ProjectConfigurationPlatforms) = postSolution
		{B1E4C098-C2BC-4A26-BDCF-989830BCBD58}.Debug|Any CPU.ActiveCfg = Debug|Any CPU
		{B1E4C098-C2BC-4A26-BDCF-989830BCBD58}.Debug|Any CPU.Build.0 = Debug|Any CPU
		{B1E4C098-C2BC-4A26-BDCF-989830BCBD58}.Release|Any CPU.ActiveCfg = Release|Any CPU
		{B1E4C098-C2BC-4A26-BDCF-989830BCBD58}.Release|Any CPU.Build.0 = Release|Any CPU
	EndGlobalSection
	GlobalSection(SolutionProperties) = preSolution
		HideSolutionNode = FALSE
	EndGlobalSection
	GlobalSection(ExtensibilityGlobals) = postSolution
		SolutionGuid = {862A0434-8D97-43BA-B79D-F3A58EB3B9D7}
	EndGlobalSection
EndGlobal
